        "astro": "^5.14.1",
      "version": "3.13.0",
      "resolved": "https://registry.npmjs.org/@shikijs/core/-/core-3.13.0.tgz",
      "integrity": "sha512-3P8rGsg2Eh2qIHekwuQjzWhKI4jV97PhvYjYUzGqjvJfqdQPz+nMlfWahU24GZAyW1FxFI1sYjyhfh5CoLmIUA==",
      "license": "MIT",
        "@shikijs/types": "3.13.0",
      "version": "3.13.0",
      "resolved": "https://registry.npmjs.org/@shikijs/engine-javascript/-/engine-javascript-3.13.0.tgz",
      "integrity": "sha512-Ty7xv32XCp8u0eQt8rItpMs6rU9Ki6LJ1dQOW3V/56PKDcpvfHPnYFbsx5FFUP2Yim34m/UkazidamMNVR4vKg==",
      "license": "MIT",
        "@shikijs/types": "3.13.0",
      "version": "3.13.0",
      "resolved": "https://registry.npmjs.org/@shikijs/engine-oniguruma/-/engine-oniguruma-3.13.0.tgz",
      "integrity": "sha512-O42rBGr4UDSlhT2ZFMxqM7QzIU+IcpoTMzb3W7AlziI1ZF7R8eS2M0yt5Ry35nnnTX/LTLXFPUjRFCIW+Operg==",
      "license": "MIT",
        "@shikijs/types": "3.13.0",
      "version": "3.13.0",
      "resolved": "https://registry.npmjs.org/@shikijs/langs/-/langs-3.13.0.tgz",
      "integrity": "sha512-672c3WAETDYHwrRP0yLy3W1QYB89Hbpj+pO4KhxK6FzIrDI2FoEXNiNCut6BQmEApYLfuYfpgOZaqbY+E9b8wQ==",
      "license": "MIT",
        "@shikijs/types": "3.13.0"
      "version": "3.13.0",
      "resolved": "https://registry.npmjs.org/@shikijs/themes/-/themes-3.13.0.tgz",
      "integrity": "sha512-Vxw1Nm1/Od8jyA7QuAenaV78BG2nSr3/gCGdBkLpfLscddCkzkL36Q5b67SrLLfvAJTOUzW39x4FHVCFriPVgg==",
      "license": "MIT",
        "@shikijs/types": "3.13.0"
      "version": "3.13.0",
      "resolved": "https://registry.npmjs.org/@shikijs/types/-/types-3.13.0.tgz",
      "integrity": "sha512-oM9P+NCFri/mmQ8LoFGVfVyemm5Hi27330zuOBp0annwJdKH1kOLndw3zCtAVDehPLg9fKqoEx3Ht/wNZxolfw==",
      "license": "MIT",
      "version": "5.14.1",
      "resolved": "https://registry.npmjs.org/astro/-/astro-5.14.1.tgz",
      "integrity": "sha512-gPa8NY7/lP8j8g81iy8UwANF3+aukKRWS68IlthZQNgykpg80ne6lbHOp6FErYycxQ1TUhgEfkXVDQZAoJx8Bg==",
        "@astrojs/internal-helpers": "0.7.3",
        "@astrojs/markdown-remark": "6.3.7",
    "node_modules/astro/node_modules/@astrojs/internal-helpers": {
      "version": "0.7.3",
      "resolved": "https://registry.npmjs.org/@astrojs/internal-helpers/-/internal-helpers-0.7.3.tgz",
      "integrity": "sha512-6Pl0bQEIChuW5wqN7jdKrzWfCscW2rG/Cz+fzt4PhSQX2ivBpnhXgFUCs0M3DCYvjYHnPVG2W36X5rmFjZ62sw==",
      "license": "MIT"
    },
    "node_modules/astro/node_modules/@astrojs/markdown-remark": {
      "version": "6.3.7",
      "resolved": "https://registry.npmjs.org/@astrojs/markdown-remark/-/markdown-remark-6.3.7.tgz",
      "integrity": "sha512-KXGdq6/BC18doBCYXp08alHlWChH0hdD2B1qv9wIyOHbvwI5K6I7FhSta8dq1hBQNdun8YkKPR013D/Hm8xd0g==",
      "license": "MIT",
      "dependencies": {
        "@astrojs/internal-helpers": "0.7.3",
        "@astrojs/prism": "3.3.0",
        "github-slugger": "^2.0.0",
        "hast-util-from-html": "^2.0.3",
        "hast-util-to-text": "^4.0.2",
        "import-meta-resolve": "^4.2.0",
        "js-yaml": "^4.1.0",
        "mdast-util-definitions": "^6.0.0",
        "rehype-raw": "^7.0.0",
        "rehype-stringify": "^10.0.1",
        "remark-gfm": "^4.0.1",
        "remark-parse": "^11.0.0",
        "remark-rehype": "^11.1.2",
        "remark-smartypants": "^3.0.2",
        "shiki": "^3.12.2",
        "smol-toml": "^1.4.2",
        "unified": "^11.0.5",
        "unist-util-remove-position": "^5.0.0",
        "unist-util-visit": "^5.0.0",
        "unist-util-visit-parents": "^6.0.1",
        "vfile": "^6.0.3"
      }
    },
      "integrity": "sha512-8Unqkvk1RYc6yq2WBYRj4hdnsAxVze8i7iPfQr8e4uSP3tRv0rpZcbGUDvxfQQcdwHt/e9PrMvGCsa8OqG9X3w==",
      "license": "MIT"
      "license": "MIT",
      "license": "MIT",
      "license": "MIT",
      "version": "3.13.0",
      "resolved": "https://registry.npmjs.org/shiki/-/shiki-3.13.0.tgz",
      "integrity": "sha512-aZW4l8Og16CokuCLf8CF8kq+KK2yOygapU5m3+hoGw0Mdosc6fPitjM+ujYarppj5ZIKGyPDPP1vqmQhr+5/0g==",
      "license": "MIT",
      "dependencies": {
        "@shikijs/core": "3.13.0",
        "@shikijs/engine-javascript": "3.13.0",
        "@shikijs/engine-oniguruma": "3.13.0",
        "@shikijs/langs": "3.13.0",
        "@shikijs/themes": "3.13.0",
        "@shikijs/types": "3.13.0",
